
Microsoft Visual Studio Solution File, Format Version 12.00
# Visual Studio 15
VisualStudioVersion = 15.0.28307.438
MinimumVisualStudioVersion = 10.0.40219.1
Project("{FAE04EC0-301F-11D3-BF4B-00C04F79EFBC}") = "OddsConverter", "OddsConverter\OddsConverter.csproj", "{F52FCA6B-6F3F-4C1E-B406-49F0B5EB952B}"
EndProject
Project("{FAE04EC0-301F-11D3-BF4B-00C04F79EFBC}") = "OddsConverterTests", "OddsConverterTests\OddsConverterTests.csproj", "{6473A287-FDE7-4D5F-A91E-630CE841C153}"
EndProject
Global
	GlobalSection(SolutionConfigurationPlatforms) = preSolution
		Debug|Any CPU = Debug|Any CPU
		Release|Any CPU = Release|Any CPU
	EndGlobalSection
	GlobalSection(ProjectConfigurationPlatforms) = postSolution
		{F52FCA6B-6F3F-4C1E-B406-49F0B5EB952B}.Debug|Any CPU.ActiveCfg = Debug|Any CPU
		{F52FCA6B-6F3F-4C1E-B406-49F0B5EB952B}.Debug|Any CPU.Build.0 = Debug|Any CPU
		{F52FCA6B-6F3F-4C1E-B406-49F0B5EB952B}.Release|Any CPU.ActiveCfg = Release|Any CPU
		{F52FCA6B-6F3F-4C1E-B406-49F0B5EB952B}.Release|Any CPU.Build.0 = Release|Any CPU
		{6473A287-FDE7-4D5F-A91E-630CE841C153}.Debug|Any CPU.ActiveCfg = Debug|Any CPU
		{6473A287-FDE7-4D5F-A91E-630CE841C153}.Debug|Any CPU.Build.0 = Debug|Any CPU
		{6473A287-FDE7-4D5F-A91E-630CE841C153}.Release|Any CPU.ActiveCfg = Release|Any CPU
		{6473A287-FDE7-4D5F-A91E-630CE841C153}.Release|Any CPU.Build.0 = Release|Any CPU
	EndGlobalSection
	GlobalSection(SolutionProperties) = preSolution
		HideSolutionNode = FALSE
	EndGlobalSection
	GlobalSection(ExtensibilityGlobals) = postSolution
		SolutionGuid = {5E3BEF69-0998-4E97-86CA-B6AFA3FE04F9}
	EndGlobalSection
EndGlobal
